{
  "version": 4,
  "terraform_version": "1.11.0",
  "serial": 17,
  "lineage": "f52f11e8-8232-e897-d125-abb0c54c83b3",
  "outputs": {
    "master": {
      "value": {
        "ip": "192.168.123.121",
        "name": "k8s-master"
      },
      "type": [
        "object",
        {
          "ip": "string",
          "name": "string"
        }
      ]
    },
    "workers": {
      "value": [
        {
          "ip": "192.168.123.122",
          "name": "k8s-worker-1"
        },
        {
          "ip": "192.168.123.123",
          "name": "k8s-worker-2"
        }
      ],
      "type": [
        "tuple",
        [
          [
            "object",
            {
              "ip": "string",
              "name": "string"
            }
          ],
          [
            "object",
            {
              "ip": "string",
              "name": "string"
            }
          ]
        ]
      ]
    }
  },
  "resources": [
    {
      "mode": "data",
      "type": "template_file",
      "name": "master_ci",
      "provider": "provider[\"registry.terraform.io/hashicorp/template\"]",
      "instances": [
        {
          "schema_version": 0,
          "attributes": {
            "filename": null,
            "id": "61d5159efb6e013664aac3d87c62e9fa9f2cc91160cc72509323b2a83be2ab43",
            "rendered": "#cloud-config\ndatasource_list: [NoCloud]\npreserve_hostname: false\nhostname: k8s-master\nmanage_etc_hosts: false\n\nusers:\n  - name: ubuntu\n    gecos: \"User for Ansible automation\"\n    lock_passwd: false              # разрешаем логин по паролю\n    sudo: [\"ALL=(ALL) NOPASSWD:ALL\"]\n    shell: /bin/bash\n    ssh_authorized_keys:\n      - ssh-rsa AAAAB3NzaC1yc2EAAAADAQABAAABgQDTqlQPVRapAaXX4EAjEQKuSSJ3cl4a1xJB3P1SvzkPW70KTYLmy4ok2DNBy0GRp8tTS2r5ueVHK8t4nudd78IbOkzMA1uXNTewMUa89hafuOcu3BMcVQK3vEZYlpQcqCLNF/XhRo1c3P3MnPMFf3uv+AG6m2tMi27CUCaSPrunKc8/ogRGuebxMGJyyx9FRhHQSIMVRSI9Lt0q+AsjL11+Cs8BGhN04LIc3zU30nxypV47uTPz+deO7Ps/H2TLeXe4ZF8+5LgZ2nMVq1XU0FITpvn5A8icTmoO4D6MV9+Fi+boF+MZHJvM3yyF4QW0HVPnhQqoi0H+GYfzGPGjeZEcd+IXBCbuTWqe6rZJZ7B7+xaLHboTO9FcHaOBQcDts/tJY+DF2onDXljWE0X6Ej8yK36nmwA1eWiy3EkIWjP6QU26xlidZ4+RiVUNcuib3qYlwv3jti2axRHaeJ9tIvwHsfDe2lXikL1uAjZvaPTjO1E821DK5vgMZko1hoGlj5M= root@192.168.0.143\n\n# Задаём пароль ubuntu/ubuntu\nssh_pwauth: true\nchpasswd:\n  list: |\n    ubuntu:ubuntu\n  expire: false\nnetwork:\n  version: 2\n  ethernets:\n    ens3:\n      addresses: [\"192.168.123.121/24\"]\n      gateway4: 192.168.122.1\n      nameservers:\n        addresses: [192.168.122.1]\n\n",
            "template": "#cloud-config\ndatasource_list: [NoCloud]\npreserve_hostname: false\nhostname: ${hostname}\nmanage_etc_hosts: false\n\nusers:\n  - name: ubuntu\n    gecos: \"User for Ansible automation\"\n    lock_passwd: false              # разрешаем логин по паролю\n    sudo: [\"ALL=(ALL) NOPASSWD:ALL\"]\n    shell: /bin/bash\n    ssh_authorized_keys:\n      - ${ssh_key}\n# Задаём пароль ubuntu/ubuntu\nssh_pwauth: true\nchpasswd:\n  list: |\n    ubuntu:ubuntu\n  expire: false\nnetwork:\n  version: 2\n  ethernets:\n    ens3:\n      addresses: [\"${static_ip}/24\"]\n      gateway4: 192.168.122.1\n      nameservers:\n        addresses: [192.168.122.1]\n\n",
            "vars": {
              "hostname": "k8s-master",
              "ssh_key": "ssh-rsa AAAAB3NzaC1yc2EAAAADAQABAAABgQDTqlQPVRapAaXX4EAjEQKuSSJ3cl4a1xJB3P1SvzkPW70KTYLmy4ok2DNBy0GRp8tTS2r5ueVHK8t4nudd78IbOkzMA1uXNTewMUa89hafuOcu3BMcVQK3vEZYlpQcqCLNF/XhRo1c3P3MnPMFf3uv+AG6m2tMi27CUCaSPrunKc8/ogRGuebxMGJyyx9FRhHQSIMVRSI9Lt0q+AsjL11+Cs8BGhN04LIc3zU30nxypV47uTPz+deO7Ps/H2TLeXe4ZF8+5LgZ2nMVq1XU0FITpvn5A8icTmoO4D6MV9+Fi+boF+MZHJvM3yyF4QW0HVPnhQqoi0H+GYfzGPGjeZEcd+IXBCbuTWqe6rZJZ7B7+xaLHboTO9FcHaOBQcDts/tJY+DF2onDXljWE0X6Ej8yK36nmwA1eWiy3EkIWjP6QU26xlidZ4+RiVUNcuib3qYlwv3jti2axRHaeJ9tIvwHsfDe2lXikL1uAjZvaPTjO1E821DK5vgMZko1hoGlj5M= root@192.168.0.143\n",
              "static_ip": "192.168.123.121"
            }
          },
          "sensitive_attributes": []
        }
      ]
    },
    {
      "mode": "data",
      "type": "template_file",
      "name": "worker_ci",
      "provider": "provider[\"registry.terraform.io/hashicorp/template\"]",
      "instances": [
        {
          "index_key": 0,
          "schema_version": 0,
          "attributes": {
            "filename": null,
            "id": "845376770c5c498366dfe1300b3f52f46e97a1ca546e7407d12c53e9b710d463",
            "rendered": "#cloud-config\ndatasource_list: [NoCloud]\npreserve_hostname: false\nhostname: k8s-worker-1\nmanage_etc_hosts: false\n\nusers:\n  - name: ubuntu\n    gecos: \"User for Ansible automation\"\n    lock_passwd: false              # разрешаем логин по паролю\n    sudo: [\"ALL=(ALL) NOPASSWD:ALL\"]\n    shell: /bin/bash\n    ssh_authorized_keys:\n      - ssh-rsa AAAAB3NzaC1yc2EAAAADAQABAAABgQDTqlQPVRapAaXX4EAjEQKuSSJ3cl4a1xJB3P1SvzkPW70KTYLmy4ok2DNBy0GRp8tTS2r5ueVHK8t4nudd78IbOkzMA1uXNTewMUa89hafuOcu3BMcVQK3vEZYlpQcqCLNF/XhRo1c3P3MnPMFf3uv+AG6m2tMi27CUCaSPrunKc8/ogRGuebxMGJyyx9FRhHQSIMVRSI9Lt0q+AsjL11+Cs8BGhN04LIc3zU30nxypV47uTPz+deO7Ps/H2TLeXe4ZF8+5LgZ2nMVq1XU0FITpvn5A8icTmoO4D6MV9+Fi+boF+MZHJvM3yyF4QW0HVPnhQqoi0H+GYfzGPGjeZEcd+IXBCbuTWqe6rZJZ7B7+xaLHboTO9FcHaOBQcDts/tJY+DF2onDXljWE0X6Ej8yK36nmwA1eWiy3EkIWjP6QU26xlidZ4+RiVUNcuib3qYlwv3jti2axRHaeJ9tIvwHsfDe2lXikL1uAjZvaPTjO1E821DK5vgMZko1hoGlj5M= root@192.168.0.143\n\n# Задаём пароль ubuntu/ubuntu\nssh_pwauth: true\nchpasswd:\n  list: |\n    ubuntu:ubuntu\n  expire: false\nnetwork:\n  version: 2\n  ethernets:\n    ens3:\n      addresses: [\"192.168.123.122/24\"]\n      gateway4: 192.168.122.1\n      nameservers:\n        addresses: [192.168.122.1]\n\n",
            "template": "#cloud-config\ndatasource_list: [NoCloud]\npreserve_hostname: false\nhostname: ${hostname}\nmanage_etc_hosts: false\n\nusers:\n  - name: ubuntu\n    gecos: \"User for Ansible automation\"\n    lock_passwd: false              # разрешаем логин по паролю\n    sudo: [\"ALL=(ALL) NOPASSWD:ALL\"]\n    shell: /bin/bash\n    ssh_authorized_keys:\n      - ${ssh_key}\n# Задаём пароль ubuntu/ubuntu\nssh_pwauth: true\nchpasswd:\n  list: |\n    ubuntu:ubuntu\n  expire: false\nnetwork:\n  version: 2\n  ethernets:\n    ens3:\n      addresses: [\"${static_ip}/24\"]\n      gateway4: 192.168.122.1\n      nameservers:\n        addresses: [192.168.122.1]\n\n",
            "vars": {
              "hostname": "k8s-worker-1",
              "ssh_key": "ssh-rsa AAAAB3NzaC1yc2EAAAADAQABAAABgQDTqlQPVRapAaXX4EAjEQKuSSJ3cl4a1xJB3P1SvzkPW70KTYLmy4ok2DNBy0GRp8tTS2r5ueVHK8t4nudd78IbOkzMA1uXNTewMUa89hafuOcu3BMcVQK3vEZYlpQcqCLNF/XhRo1c3P3MnPMFf3uv+AG6m2tMi27CUCaSPrunKc8/ogRGuebxMGJyyx9FRhHQSIMVRSI9Lt0q+AsjL11+Cs8BGhN04LIc3zU30nxypV47uTPz+deO7Ps/H2TLeXe4ZF8+5LgZ2nMVq1XU0FITpvn5A8icTmoO4D6MV9+Fi+boF+MZHJvM3yyF4QW0HVPnhQqoi0H+GYfzGPGjeZEcd+IXBCbuTWqe6rZJZ7B7+xaLHboTO9FcHaOBQcDts/tJY+DF2onDXljWE0X6Ej8yK36nmwA1eWiy3EkIWjP6QU26xlidZ4+RiVUNcuib3qYlwv3jti2axRHaeJ9tIvwHsfDe2lXikL1uAjZvaPTjO1E821DK5vgMZko1hoGlj5M= root@192.168.0.143\n",
              "static_ip": "192.168.123.122"
            }
          },
          "sensitive_attributes": []
        },
        {
          "index_key": 1,
          "schema_version": 0,
          "attributes": {
            "filename": null,
            "id": "0bc06c9f323c529ab4e0d1fbfb014a1559982db27094cba828c337b40b50399d",
            "rendered": "#cloud-config\ndatasource_list: [NoCloud]\npreserve_hostname: false\nhostname: k8s-worker-2\nmanage_etc_hosts: false\n\nusers:\n  - name: ubuntu\n    gecos: \"User for Ansible automation\"\n    lock_passwd: false              # разрешаем логин по паролю\n    sudo: [\"ALL=(ALL) NOPASSWD:ALL\"]\n    shell: /bin/bash\n    ssh_authorized_keys:\n      - ssh-rsa AAAAB3NzaC1yc2EAAAADAQABAAABgQDTqlQPVRapAaXX4EAjEQKuSSJ3cl4a1xJB3P1SvzkPW70KTYLmy4ok2DNBy0GRp8tTS2r5ueVHK8t4nudd78IbOkzMA1uXNTewMUa89hafuOcu3BMcVQK3vEZYlpQcqCLNF/XhRo1c3P3MnPMFf3uv+AG6m2tMi27CUCaSPrunKc8/ogRGuebxMGJyyx9FRhHQSIMVRSI9Lt0q+AsjL11+Cs8BGhN04LIc3zU30nxypV47uTPz+deO7Ps/H2TLeXe4ZF8+5LgZ2nMVq1XU0FITpvn5A8icTmoO4D6MV9+Fi+boF+MZHJvM3yyF4QW0HVPnhQqoi0H+GYfzGPGjeZEcd+IXBCbuTWqe6rZJZ7B7+xaLHboTO9FcHaOBQcDts/tJY+DF2onDXljWE0X6Ej8yK36nmwA1eWiy3EkIWjP6QU26xlidZ4+RiVUNcuib3qYlwv3jti2axRHaeJ9tIvwHsfDe2lXikL1uAjZvaPTjO1E821DK5vgMZko1hoGlj5M= root@192.168.0.143\n\n# Задаём пароль ubuntu/ubuntu\nssh_pwauth: true\nchpasswd:\n  list: |\n    ubuntu:ubuntu\n  expire: false\nnetwork:\n  version: 2\n  ethernets:\n    ens3:\n      addresses: [\"192.168.123.123/24\"]\n      gateway4: 192.168.122.1\n      nameservers:\n        addresses: [192.168.122.1]\n\n",
            "template": "#cloud-config\ndatasource_list: [NoCloud]\npreserve_hostname: false\nhostname: ${hostname}\nmanage_etc_hosts: false\n\nusers:\n  - name: ubuntu\n    gecos: \"User for Ansible automation\"\n    lock_passwd: false              # разрешаем логин по паролю\n    sudo: [\"ALL=(ALL) NOPASSWD:ALL\"]\n    shell: /bin/bash\n    ssh_authorized_keys:\n      - ${ssh_key}\n# Задаём пароль ubuntu/ubuntu\nssh_pwauth: true\nchpasswd:\n  list: |\n    ubuntu:ubuntu\n  expire: false\nnetwork:\n  version: 2\n  ethernets:\n    ens3:\n      addresses: [\"${static_ip}/24\"]\n      gateway4: 192.168.122.1\n      nameservers:\n        addresses: [192.168.122.1]\n\n",
            "vars": {
              "hostname": "k8s-worker-2",
              "ssh_key": "ssh-rsa AAAAB3NzaC1yc2EAAAADAQABAAABgQDTqlQPVRapAaXX4EAjEQKuSSJ3cl4a1xJB3P1SvzkPW70KTYLmy4ok2DNBy0GRp8tTS2r5ueVHK8t4nudd78IbOkzMA1uXNTewMUa89hafuOcu3BMcVQK3vEZYlpQcqCLNF/XhRo1c3P3MnPMFf3uv+AG6m2tMi27CUCaSPrunKc8/ogRGuebxMGJyyx9FRhHQSIMVRSI9Lt0q+AsjL11+Cs8BGhN04LIc3zU30nxypV47uTPz+deO7Ps/H2TLeXe4ZF8+5LgZ2nMVq1XU0FITpvn5A8icTmoO4D6MV9+Fi+boF+MZHJvM3yyF4QW0HVPnhQqoi0H+GYfzGPGjeZEcd+IXBCbuTWqe6rZJZ7B7+xaLHboTO9FcHaOBQcDts/tJY+DF2onDXljWE0X6Ej8yK36nmwA1eWiy3EkIWjP6QU26xlidZ4+RiVUNcuib3qYlwv3jti2axRHaeJ9tIvwHsfDe2lXikL1uAjZvaPTjO1E821DK5vgMZko1hoGlj5M= root@192.168.0.143\n",
              "static_ip": "192.168.123.123"
            }
          },
          "sensitive_attributes": []
        }
      ]
    },
    {
      "mode": "managed",
      "type": "libvirt_cloudinit_disk",
      "name": "master_iso",
      "provider": "provider[\"registry.terraform.io/dmacvicar/libvirt\"]",
      "instances": [
        {
          "schema_version": 0,
          "attributes": {
            "id": "/home/shom/virsh_HDD/k8s_pool/k8s-master-cloudinit.iso;eb72caca-7a79-4364-b63b-c4ecf7de8966",
            "meta_data": "",
            "name": "k8s-master-cloudinit.iso",
            "network_config": "",
            "pool": "k8s_pool",
            "user_data": "#cloud-config\ndatasource_list: [NoCloud]\npreserve_hostname: false\nhostname: k8s-master\nmanage_etc_hosts: false\n\nusers:\n  - name: ubuntu\n    gecos: \"User for Ansible automation\"\n    lock_passwd: false              # разрешаем логин по паролю\n    sudo: [\"ALL=(ALL) NOPASSWD:ALL\"]\n    shell: /bin/bash\n    ssh_authorized_keys:\n      - ssh-rsa AAAAB3NzaC1yc2EAAAADAQABAAABgQDTqlQPVRapAaXX4EAjEQKuSSJ3cl4a1xJB3P1SvzkPW70KTYLmy4ok2DNBy0GRp8tTS2r5ueVHK8t4nudd78IbOkzMA1uXNTewMUa89hafuOcu3BMcVQK3vEZYlpQcqCLNF/XhRo1c3P3MnPMFf3uv+AG6m2tMi27CUCaSPrunKc8/ogRGuebxMGJyyx9FRhHQSIMVRSI9Lt0q+AsjL11+Cs8BGhN04LIc3zU30nxypV47uTPz+deO7Ps/H2TLeXe4ZF8+5LgZ2nMVq1XU0FITpvn5A8icTmoO4D6MV9+Fi+boF+MZHJvM3yyF4QW0HVPnhQqoi0H+GYfzGPGjeZEcd+IXBCbuTWqe6rZJZ7B7+xaLHboTO9FcHaOBQcDts/tJY+DF2onDXljWE0X6Ej8yK36nmwA1eWiy3EkIWjP6QU26xlidZ4+RiVUNcuib3qYlwv3jti2axRHaeJ9tIvwHsfDe2lXikL1uAjZvaPTjO1E821DK5vgMZko1hoGlj5M= root@192.168.0.143\n\n# Задаём пароль ubuntu/ubuntu\nssh_pwauth: true\nchpasswd:\n  list: |\n    ubuntu:ubuntu\n  expire: false\nnetwork:\n  version: 2\n  ethernets:\n    ens3:\n      addresses: [\"192.168.123.121/24\"]\n      gateway4: 192.168.122.1\n      nameservers:\n        addresses: [192.168.122.1]\n\n"
          },
          "sensitive_attributes": [],
          "private": "bnVsbA==",
          "dependencies": [
            "data.template_file.master_ci",
            "libvirt_pool.k8s_pool"
          ]
        }
      ]
    },
    {
      "mode": "managed",
      "type": "libvirt_cloudinit_disk",
      "name": "worker_iso",
      "provider": "provider[\"registry.terraform.io/dmacvicar/libvirt\"]",
      "instances": [
        {
          "index_key": 0,
          "schema_version": 0,
          "attributes": {
            "id": "/home/shom/virsh_HDD/k8s_pool/k8s-worker-1-cloudinit.iso;2a957bd3-07e2-4136-9c2c-2e7a202fa2b7",
            "meta_data": "",
            "name": "k8s-worker-1-cloudinit.iso",
            "network_config": "",
            "pool": "k8s_pool",
            "user_data": "#cloud-config\ndatasource_list: [NoCloud]\npreserve_hostname: false\nhostname: k8s-worker-1\nmanage_etc_hosts: false\n\nusers:\n  - name: ubuntu\n    gecos: \"User for Ansible automation\"\n    lock_passwd: false              # разрешаем логин по паролю\n    sudo: [\"ALL=(ALL) NOPASSWD:ALL\"]\n    shell: /bin/bash\n    ssh_authorized_keys:\n      - ssh-rsa AAAAB3NzaC1yc2EAAAADAQABAAABgQDTqlQPVRapAaXX4EAjEQKuSSJ3cl4a1xJB3P1SvzkPW70KTYLmy4ok2DNBy0GRp8tTS2r5ueVHK8t4nudd78IbOkzMA1uXNTewMUa89hafuOcu3BMcVQK3vEZYlpQcqCLNF/XhRo1c3P3MnPMFf3uv+AG6m2tMi27CUCaSPrunKc8/ogRGuebxMGJyyx9FRhHQSIMVRSI9Lt0q+AsjL11+Cs8BGhN04LIc3zU30nxypV47uTPz+deO7Ps/H2TLeXe4ZF8+5LgZ2nMVq1XU0FITpvn5A8icTmoO4D6MV9+Fi+boF+MZHJvM3yyF4QW0HVPnhQqoi0H+GYfzGPGjeZEcd+IXBCbuTWqe6rZJZ7B7+xaLHboTO9FcHaOBQcDts/tJY+DF2onDXljWE0X6Ej8yK36nmwA1eWiy3EkIWjP6QU26xlidZ4+RiVUNcuib3qYlwv3jti2axRHaeJ9tIvwHsfDe2lXikL1uAjZvaPTjO1E821DK5vgMZko1hoGlj5M= root@192.168.0.143\n\n# Задаём пароль ubuntu/ubuntu\nssh_pwauth: true\nchpasswd:\n  list: |\n    ubuntu:ubuntu\n  expire: false\nnetwork:\n  version: 2\n  ethernets:\n    ens3:\n      addresses: [\"192.168.123.122/24\"]\n      gateway4: 192.168.122.1\n      nameservers:\n        addresses: [192.168.122.1]\n\n"
          },
          "sensitive_attributes": [],
          "private": "bnVsbA==",
          "dependencies": [
            "data.template_file.worker_ci",
            "libvirt_pool.k8s_pool"
          ]
        },
        {
          "index_key": 1,
          "schema_version": 0,
          "attributes": {
            "id": "/home/shom/virsh_HDD/k8s_pool/k8s-worker-2-cloudinit.iso;ffb0a4be-a17f-491f-a7d0-83556b80008e",
            "meta_data": "",
            "name": "k8s-worker-2-cloudinit.iso",
            "network_config": "",
            "pool": "k8s_pool",
            "user_data": "#cloud-config\ndatasource_list: [NoCloud]\npreserve_hostname: false\nhostname: k8s-worker-2\nmanage_etc_hosts: false\n\nusers:\n  - name: ubuntu\n    gecos: \"User for Ansible automation\"\n    lock_passwd: false              # разрешаем логин по паролю\n    sudo: [\"ALL=(ALL) NOPASSWD:ALL\"]\n    shell: /bin/bash\n    ssh_authorized_keys:\n      - ssh-rsa AAAAB3NzaC1yc2EAAAADAQABAAABgQDTqlQPVRapAaXX4EAjEQKuSSJ3cl4a1xJB3P1SvzkPW70KTYLmy4ok2DNBy0GRp8tTS2r5ueVHK8t4nudd78IbOkzMA1uXNTewMUa89hafuOcu3BMcVQK3vEZYlpQcqCLNF/XhRo1c3P3MnPMFf3uv+AG6m2tMi27CUCaSPrunKc8/ogRGuebxMGJyyx9FRhHQSIMVRSI9Lt0q+AsjL11+Cs8BGhN04LIc3zU30nxypV47uTPz+deO7Ps/H2TLeXe4ZF8+5LgZ2nMVq1XU0FITpvn5A8icTmoO4D6MV9+Fi+boF+MZHJvM3yyF4QW0HVPnhQqoi0H+GYfzGPGjeZEcd+IXBCbuTWqe6rZJZ7B7+xaLHboTO9FcHaOBQcDts/tJY+DF2onDXljWE0X6Ej8yK36nmwA1eWiy3EkIWjP6QU26xlidZ4+RiVUNcuib3qYlwv3jti2axRHaeJ9tIvwHsfDe2lXikL1uAjZvaPTjO1E821DK5vgMZko1hoGlj5M= root@192.168.0.143\n\n# Задаём пароль ubuntu/ubuntu\nssh_pwauth: true\nchpasswd:\n  list: |\n    ubuntu:ubuntu\n  expire: false\nnetwork:\n  version: 2\n  ethernets:\n    ens3:\n      addresses: [\"192.168.123.123/24\"]\n      gateway4: 192.168.122.1\n      nameservers:\n        addresses: [192.168.122.1]\n\n"
          },
          "sensitive_attributes": [],
          "private": "bnVsbA==",
          "dependencies": [
            "data.template_file.worker_ci",
            "libvirt_pool.k8s_pool"
          ]
        }
      ]
    },
    {
      "mode": "managed",
      "type": "libvirt_domain",
      "name": "master",
      "provider": "provider[\"registry.terraform.io/dmacvicar/libvirt\"]",
      "instances": [
        {
          "schema_version": 0,
          "attributes": {
            "arch": "x86_64",
            "autostart": false,
            "boot_device": [],
            "cloudinit": "/home/shom/virsh_HDD/k8s_pool/k8s-master-cloudinit.iso;eb72caca-7a79-4364-b63b-c4ecf7de8966",
            "cmdline": null,
            "console": [
              {
                "source_host": "127.0.0.1",
                "source_path": "",
                "source_service": "0",
                "target_port": "0",
                "target_type": "",
                "type": "pty"
              }
            ],
            "coreos_ignition": null,
            "cpu": [
              {
                "mode": "custom"
              }
            ],
            "description": "",
            "disk": [
              {
                "block_device": "",
                "file": "",
                "scsi": false,
                "url": "",
                "volume_id": "/home/shom/virsh_HDD/k8s_pool/k8s-master.qcow2",
                "wwn": ""
              }
            ],
            "emulator": "/usr/libexec/qemu-kvm",
            "filesystem": [],
            "firmware": null,
            "fw_cfg_name": "opt/com.coreos/config",
            "graphics": [
              {
                "autoport": true,
                "listen_address": "0.0.0.0",
                "listen_type": "address",
                "type": "vnc",
                "websocket": 0
              }
            ],
            "id": "fa46dcf0-f49b-4fdb-9fad-d557a39dfe36",
            "initrd": "",
            "kernel": "",
            "machine": "pc",
            "memory": 3072,
            "metadata": null,
            "name": "k8s-master",
            "network_interface": [
              {
                "addresses": [],
                "bridge": "",
                "hostname": "k8s-master",
                "mac": "52:54:00:A6:60:AC",
                "macvtap": "",
                "network_id": "75661bea-fe36-4f51-828b-daf8eca5e70e",
                "network_name": "k8s-net",
                "passthrough": "",
                "private": "",
                "vepa": "",
                "wait_for_lease": false
              }
            ],
            "nvram": null,
            "qemu_agent": false,
            "running": true,
            "timeouts": null,
            "tpm": [],
            "type": "kvm",
            "vcpu": 4,
            "video": [],
            "xml": []
          },
          "sensitive_attributes": [],
          "private": "eyJlMmJmYjczMC1lY2FhLTExZTYtOGY4OC0zNDM2M2JjN2M0YzAiOnsiY3JlYXRlIjozMDAwMDAwMDAwMDB9fQ==",
          "dependencies": [
            "data.template_file.master_ci",
            "data.template_file.worker_ci",
            "libvirt_cloudinit_disk.master_iso",
            "libvirt_cloudinit_disk.worker_iso",
            "libvirt_network.k8s_net",
            "libvirt_pool.k8s_pool",
            "libvirt_volume.master_disk",
            "libvirt_volume.worker_disk",
            "null_resource.resize_worker_disk"
          ]
        }
      ]
    },
    {
      "mode": "managed",
      "type": "libvirt_domain",
      "name": "worker",
      "provider": "provider[\"registry.terraform.io/dmacvicar/libvirt\"]",
      "instances": [
        {
          "index_key": 0,
          "schema_version": 0,
          "attributes": {
            "arch": "x86_64",
            "autostart": false,
            "boot_device": [],
            "cloudinit": "/home/shom/virsh_HDD/k8s_pool/k8s-worker-1-cloudinit.iso;2a957bd3-07e2-4136-9c2c-2e7a202fa2b7",
            "cmdline": null,
            "console": [
              {
                "source_host": "127.0.0.1",
                "source_path": "",
                "source_service": "0",
                "target_port": "0",
                "target_type": "",
                "type": "pty"
              }
            ],
            "coreos_ignition": null,
            "cpu": [
              {
                "mode": "custom"
              }
            ],
            "description": "",
            "disk": [
              {
                "block_device": "",
                "file": "",
                "scsi": false,
                "url": "",
                "volume_id": "/home/shom/virsh_HDD/k8s_pool/k8s-worker-1.qcow2",
                "wwn": ""
              }
            ],
            "emulator": "/usr/libexec/qemu-kvm",
            "filesystem": [],
            "firmware": null,
            "fw_cfg_name": "opt/com.coreos/config",
            "graphics": [
              {
                "autoport": true,
                "listen_address": "0.0.0.0",
                "listen_type": "address",
                "type": "vnc",
                "websocket": 0
              }
            ],
            "id": "082d7fc5-ab63-4172-8531-2b5a4184f001",
            "initrd": "",
            "kernel": "",
            "machine": "pc",
            "memory": 5120,
            "metadata": null,
            "name": "k8s-worker-1",
            "network_interface": [
              {
                "addresses": [],
                "bridge": "",
                "hostname": "k8s-worker-1",
                "mac": "52:54:00:C6:08:97",
                "macvtap": "",
                "network_id": "75661bea-fe36-4f51-828b-daf8eca5e70e",
                "network_name": "k8s-net",
                "passthrough": "",
                "private": "",
                "vepa": "",
                "wait_for_lease": false
              }
            ],
            "nvram": null,
            "qemu_agent": false,
            "running": true,
            "timeouts": null,
            "tpm": [],
            "type": "kvm",
            "vcpu": 4,
            "video": [],
            "xml": []
          },
          "sensitive_attributes": [],
          "private": "eyJlMmJmYjczMC1lY2FhLTExZTYtOGY4OC0zNDM2M2JjN2M0YzAiOnsiY3JlYXRlIjozMDAwMDAwMDAwMDB9fQ==",
          "dependencies": [
            "data.template_file.worker_ci",
            "libvirt_cloudinit_disk.worker_iso",
            "libvirt_network.k8s_net",
            "libvirt_pool.k8s_pool",
            "libvirt_volume.worker_disk",
            "null_resource.resize_worker_disk"
          ]
        },
        {
          "index_key": 1,
          "schema_version": 0,
          "attributes": {
            "arch": "x86_64",
            "autostart": false,
            "boot_device": [],
            "cloudinit": "/home/shom/virsh_HDD/k8s_pool/k8s-worker-2-cloudinit.iso;ffb0a4be-a17f-491f-a7d0-83556b80008e",
            "cmdline": null,
            "console": [
              {
                "source_host": "127.0.0.1",
                "source_path": "",
                "source_service": "0",
                "target_port": "0",
                "target_type": "",
                "type": "pty"
              }
            ],
            "coreos_ignition": null,
            "cpu": [
              {
                "mode": "custom"
              }
            ],
            "description": "",
            "disk": [
              {
                "block_device": "",
                "file": "",
                "scsi": false,
                "url": "",
                "volume_id": "/home/shom/virsh_HDD/k8s_pool/k8s-worker-2.qcow2",
                "wwn": ""
              }
            ],
            "emulator": "/usr/libexec/qemu-kvm",
            "filesystem": [],
            "firmware": null,
            "fw_cfg_name": "opt/com.coreos/config",
            "graphics": [
              {
                "autoport": true,
                "listen_address": "0.0.0.0",
                "listen_type": "address",
                "type": "vnc",
                "websocket": 0
              }
            ],
            "id": "0e07596b-59a2-4df3-b33a-2fc42f269e4b",
            "initrd": "",
            "kernel": "",
            "machine": "pc",
            "memory": 5120,
            "metadata": null,
            "name": "k8s-worker-2",
            "network_interface": [
              {
                "addresses": [],
                "bridge": "",
                "hostname": "k8s-worker-2",
                "mac": "52:54:00:92:87:7D",
                "macvtap": "",
                "network_id": "75661bea-fe36-4f51-828b-daf8eca5e70e",
                "network_name": "k8s-net",
                "passthrough": "",
                "private": "",
                "vepa": "",
                "wait_for_lease": false
              }
            ],
            "nvram": null,
            "qemu_agent": false,
            "running": true,
            "timeouts": null,
            "tpm": [],
            "type": "kvm",
            "vcpu": 4,
            "video": [],
            "xml": []
          },
          "sensitive_attributes": [],
          "private": "eyJlMmJmYjczMC1lY2FhLTExZTYtOGY4OC0zNDM2M2JjN2M0YzAiOnsiY3JlYXRlIjozMDAwMDAwMDAwMDB9fQ==",
          "dependencies": [
            "data.template_file.worker_ci",
            "libvirt_cloudinit_disk.worker_iso",
            "libvirt_network.k8s_net",
            "libvirt_pool.k8s_pool",
            "libvirt_volume.worker_disk",
            "null_resource.resize_worker_disk"
          ]
        }
      ]
    },
    {
      "mode": "managed",
      "type": "libvirt_network",
      "name": "k8s_net",
      "provider": "provider[\"registry.terraform.io/dmacvicar/libvirt\"]",
      "instances": [
        {
          "schema_version": 0,
          "attributes": {
            "addresses": [
              "192.168.123.0/24"
            ],
            "autostart": true,
            "bridge": "virbr1",
            "dhcp": [
              {
                "enabled": true
              }
            ],
            "dns": null,
            "dnsmasq_options": [],
            "domain": null,
            "id": "75661bea-fe36-4f51-828b-daf8eca5e70e",
            "mode": "nat",
            "mtu": null,
            "name": "k8s-net",
            "routes": [],
            "xml": []
          },
          "sensitive_attributes": [],
          "private": "bnVsbA=="
        }
      ]
    },
    {
      "mode": "managed",
      "type": "libvirt_pool",
      "name": "k8s_pool",
      "provider": "provider[\"registry.terraform.io/dmacvicar/libvirt\"]",
      "instances": [
        {
          "schema_version": 0,
          "attributes": {
            "allocation": 12469993472,
            "available": 152210206720,
            "capacity": 164680200192,
            "id": "45a8054f-3e64-4346-9af1-4ce2fddf5d55",
            "name": "k8s_pool",
            "path": null,
            "source": [],
            "target": [
              {
                "path": "/home/shom/virsh_HDD/k8s_pool"
              }
            ],
            "type": "dir",
            "xml": []
          },
          "sensitive_attributes": [],
          "private": "bnVsbA=="
        }
      ]
    },
    {
      "mode": "managed",
      "type": "libvirt_volume",
      "name": "master_disk",
      "provider": "provider[\"registry.terraform.io/dmacvicar/libvirt\"]",
      "instances": [
        {
          "schema_version": 0,
          "attributes": {
            "base_volume_id": null,
            "base_volume_name": null,
            "base_volume_pool": null,
            "format": "qcow2",
            "id": "/home/shom/virsh_HDD/k8s_pool/k8s-master.qcow2",
            "name": "k8s-master.qcow2",
            "pool": "k8s_pool",
            "size": 3758096384,
            "source": "/home/shom/OS_images/ubuntu-24.04-server-cloudimg-amd64.img",
            "xml": []
          },
          "sensitive_attributes": [],
          "private": "bnVsbA==",
          "dependencies": [
            "libvirt_pool.k8s_pool"
          ]
        }
      ]
    },
    {
      "mode": "managed",
      "type": "libvirt_volume",
      "name": "worker_disk",
      "provider": "provider[\"registry.terraform.io/dmacvicar/libvirt\"]",
      "instances": [
        {
          "index_key": 0,
          "schema_version": 0,
          "attributes": {
            "base_volume_id": null,
            "base_volume_name": null,
            "base_volume_pool": null,
            "format": "qcow2",
            "id": "/home/shom/virsh_HDD/k8s_pool/k8s-worker-1.qcow2",
            "name": "k8s-worker-1.qcow2",
            "pool": "k8s_pool",
            "size": 3758096384,
            "source": "/home/shom/OS_images/ubuntu-24.04-server-cloudimg-amd64.img",
            "xml": []
          },
          "sensitive_attributes": [],
          "private": "bnVsbA==",
          "dependencies": [
            "libvirt_pool.k8s_pool"
          ]
        },
        {
          "index_key": 1,
          "schema_version": 0,
          "attributes": {
            "base_volume_id": null,
            "base_volume_name": null,
            "base_volume_pool": null,
            "format": "qcow2",
            "id": "/home/shom/virsh_HDD/k8s_pool/k8s-worker-2.qcow2",
            "name": "k8s-worker-2.qcow2",
            "pool": "k8s_pool",
            "size": 3758096384,
            "source": "/home/shom/OS_images/ubuntu-24.04-server-cloudimg-amd64.img",
            "xml": []
          },
          "sensitive_attributes": [],
          "private": "bnVsbA==",
          "dependencies": [
            "libvirt_pool.k8s_pool"
          ]
        }
      ]
    },
    {
      "mode": "managed",
      "type": "null_resource",
      "name": "resize_master_disk",
      "provider": "provider[\"registry.terraform.io/hashicorp/null\"]",
      "instances": [
        {
          "schema_version": 0,
          "attributes": {
            "id": "4345922717367653897",
            "triggers": null
          },
          "sensitive_attributes": [],
          "dependencies": [
            "libvirt_pool.k8s_pool",
            "libvirt_volume.master_disk"
          ]
        }
      ]
    },
    {
      "mode": "managed",
      "type": "null_resource",
      "name": "resize_worker_disk",
      "provider": "provider[\"registry.terraform.io/hashicorp/null\"]",
      "instances": [
        {
          "index_key": 0,
          "schema_version": 0,
          "attributes": {
            "id": "5738618715615971367",
            "triggers": null
          },
          "sensitive_attributes": [],
          "dependencies": [
            "libvirt_pool.k8s_pool",
            "libvirt_volume.worker_disk"
          ]
        },
        {
          "index_key": 1,
          "schema_version": 0,
          "attributes": {
            "id": "6027028811549450117",
            "triggers": null
          },
          "sensitive_attributes": [],
          "dependencies": [
            "libvirt_pool.k8s_pool",
            "libvirt_volume.worker_disk"
          ]
        }
      ]
    },
    {
      "mode": "managed",
      "type": "time_sleep",
      "name": "wait_after_resize_master",
      "provider": "provider[\"registry.terraform.io/hashicorp/time\"]",
      "instances": [
        {
          "schema_version": 0,
          "attributes": {
            "create_duration": "10s",
            "destroy_duration": null,
            "id": "2025-04-27T13:40:12Z",
            "triggers": null
          },
          "sensitive_attributes": [],
          "dependencies": [
            "libvirt_pool.k8s_pool",
            "libvirt_volume.master_disk",
            "null_resource.resize_master_disk"
          ]
        }
      ]
    },
    {
      "mode": "managed",
      "type": "time_sleep",
      "name": "wait_after_resize_worker",
      "provider": "provider[\"registry.terraform.io/hashicorp/time\"]",
      "instances": [
        {
          "schema_version": 0,
          "attributes": {
            "create_duration": "10s",
            "destroy_duration": null,
            "id": "2025-04-27T13:40:15Z",
            "triggers": null
          },
          "sensitive_attributes": [],
          "dependencies": [
            "libvirt_pool.k8s_pool",
            "libvirt_volume.worker_disk",
            "null_resource.resize_worker_disk"
          ]
        }
      ]
    }
  ],
  "check_results": null
}
